
Microsoft Visual Studio Solution File, Format Version 12.00
# Visual Studio Version 17
VisualStudioVersion = 17.5.33424.131
MinimumVisualStudioVersion = 10.0.40219.1
Project("{9A19103F-16F7-4668-BE54-9A1E7A4F7556}") = "eBookSite.Web", "eBookSite.Web\eBookSite.Web.csproj", "{C1ADEB8A-A67F-41B7-A3B7-8D0A8545E56B}"
EndProject
Project("{9A19103F-16F7-4668-BE54-9A1E7A4F7556}") = "eBookSite.DataAccess", "eBookSite.DataAccess\eBookSite.DataAccess.csproj", "{03FAFA2B-F3AB-4518-8C71-451286C6B019}"
EndProject
Project("{9A19103F-16F7-4668-BE54-9A1E7A4F7556}") = "eBookSite.Models", "eBookSite.Models\eBookSite.Models.csproj", "{A8F14B19-4E78-4E02-A49A-ACFC289EF183}"
EndProject
Project("{9A19103F-16F7-4668-BE54-9A1E7A4F7556}") = "eBookSite.Utility", "eBookSite.Utility\eBookSite.Utility.csproj", "{6E1A80DC-6A34-4842-A4BB-A9AAA7B6C51D}"
EndProject
Project("{FAE04EC0-301F-11D3-BF4B-00C04F79EFBC}") = "eBookSite.Web.Tests", "eBookSite.Web.Tests\eBookSite.Web.Tests.csproj", "{14059E90-41EA-4FAB-981D-82DDA4943192}"
EndProject
Global
	GlobalSection(SolutionConfigurationPlatforms) = preSolution
		Debug|Any CPU = Debug|Any CPU
		Release|Any CPU = Release|Any CPU
	EndGlobalSection
	GlobalSection(ProjectConfigurationPlatforms) = postSolution
		{C1ADEB8A-A67F-41B7-A3B7-8D0A8545E56B}.Debug|Any CPU.ActiveCfg = Debug|Any CPU
		{C1ADEB8A-A67F-41B7-A3B7-8D0A8545E56B}.Debug|Any CPU.Build.0 = Debug|Any CPU
		{C1ADEB8A-A67F-41B7-A3B7-8D0A8545E56B}.Release|Any CPU.ActiveCfg = Release|Any CPU
		{C1ADEB8A-A67F-41B7-A3B7-8D0A8545E56B}.Release|Any CPU.Build.0 = Release|Any CPU
		{03FAFA2B-F3AB-4518-8C71-451286C6B019}.Debug|Any CPU.ActiveCfg = Debug|Any CPU
		{03FAFA2B-F3AB-4518-8C71-451286C6B019}.Debug|Any CPU.Build.0 = Debug|Any CPU
		{03FAFA2B-F3AB-4518-8C71-451286C6B019}.Release|Any CPU.ActiveCfg = Release|Any CPU
		{03FAFA2B-F3AB-4518-8C71-451286C6B019}.Release|Any CPU.Build.0 = Release|Any CPU
		{A8F14B19-4E78-4E02-A49A-ACFC289EF183}.Debug|Any CPU.ActiveCfg = Debug|Any CPU
		{A8F14B19-4E78-4E02-A49A-ACFC289EF183}.Debug|Any CPU.Build.0 = Debug|Any CPU
		{A8F14B19-4E78-4E02-A49A-ACFC289EF183}.Release|Any CPU.ActiveCfg = Release|Any CPU
		{A8F14B19-4E78-4E02-A49A-ACFC289EF183}.Release|Any CPU.Build.0 = Release|Any CPU
		{6E1A80DC-6A34-4842-A4BB-A9AAA7B6C51D}.Debug|Any CPU.ActiveCfg = Debug|Any CPU
		{6E1A80DC-6A34-4842-A4BB-A9AAA7B6C51D}.Debug|Any CPU.Build.0 = Debug|Any CPU
		{6E1A80DC-6A34-4842-A4BB-A9AAA7B6C51D}.Release|Any CPU.ActiveCfg = Release|Any CPU
		{6E1A80DC-6A34-4842-A4BB-A9AAA7B6C51D}.Release|Any CPU.Build.0 = Release|Any CPU
		{14059E90-41EA-4FAB-981D-82DDA4943192}.Debug|Any CPU.ActiveCfg = Debug|Any CPU
		{14059E90-41EA-4FAB-981D-82DDA4943192}.Debug|Any CPU.Build.0 = Debug|Any CPU
		{14059E90-41EA-4FAB-981D-82DDA4943192}.Release|Any CPU.ActiveCfg = Release|Any CPU
		{14059E90-41EA-4FAB-981D-82DDA4943192}.Release|Any CPU.Build.0 = Release|Any CPU
	EndGlobalSection
	GlobalSection(SolutionProperties) = preSolution
		HideSolutionNode = FALSE
	EndGlobalSection
	GlobalSection(ExtensibilityGlobals) = postSolution
		SolutionGuid = {053AFA2E-176F-4A8E-BCF8-82FAFA85D10E}
	EndGlobalSection
EndGlobal
